
Microsoft Visual Studio Solution File, Format Version 12.00
Project("{FAE04EC0-301F-11D3-BF4B-00C04F79EFBC}") = "Unnamed Networking Plugin", "Unnamed Networking Plugin\Unnamed Networking Plugin.csproj", "{0BA3E364-51D2-41AE-9AB4-8262CA2E38DC}"
EndProject
Global
	GlobalSection(SolutionConfigurationPlatforms) = preSolution
		Debug|Any CPU = Debug|Any CPU
		Release|Any CPU = Release|Any CPU
	EndGlobalSection
	GlobalSection(ProjectConfigurationPlatforms) = postSolution
		{0BA3E364-51D2-41AE-9AB4-8262CA2E38DC}.Debug|Any CPU.ActiveCfg = Debug|Any CPU
		{0BA3E364-51D2-41AE-9AB4-8262CA2E38DC}.Debug|Any CPU.Build.0 = Debug|Any CPU
		{0BA3E364-51D2-41AE-9AB4-8262CA2E38DC}.Release|Any CPU.ActiveCfg = Release|Any CPU
		{0BA3E364-51D2-41AE-9AB4-8262CA2E38DC}.Release|Any CPU.Build.0 = Release|Any CPU
	EndGlobalSection
EndGlobal
