
Microsoft Visual Studio Solution File, Format Version 12.00
Project("{FAE04EC0-301F-11D3-BF4B-00C04F79EFBC}") = "Unnamed Networking Plugin", "Unnamed Networking Plugin\Unnamed Networking Plugin.csproj", "{0BA3E364-51D2-41AE-9AB4-8262CA2E38DC}"
EndProject
Project("{FAE04EC0-301F-11D3-BF4B-00C04F79EFBC}") = "Network Plugin User frontend", "Network Plugin User frontend\Network Plugin User frontend.csproj", "{344CA9A9-5010-48C2-8507-C63D50DBF0FB}"
EndProject
Project("{FAE04EC0-301F-11D3-BF4B-00C04F79EFBC}") = "Unnamed Networking Plugin Tests", "Unnamed Networking Plugin Tests\Unnamed Networking Plugin Tests.csproj", "{6DF602FC-88A5-4025-8F5D-8634B16E1A2A}"
EndProject
Project("{FAE04EC0-301F-11D3-BF4B-00C04F79EFBC}") = "ForwardingServer", "ForwardingServer\ForwardingServer.csproj", "{0A66AB57-AC62-450B-BB82-C2730B055806}"
EndProject
Project("{FAE04EC0-301F-11D3-BF4B-00C04F79EFBC}") = "ForwardingServerExample", "ForwardingServerExample\ForwardingServerExample.csproj", "{27131DF2-96D7-4D29-BCDA-2B4CACC6C541}"
EndProject
Global
	GlobalSection(SolutionConfigurationPlatforms) = preSolution
		Debug|Any CPU = Debug|Any CPU
		Release|Any CPU = Release|Any CPU
	EndGlobalSection
	GlobalSection(ProjectConfigurationPlatforms) = postSolution
		{0BA3E364-51D2-41AE-9AB4-8262CA2E38DC}.Debug|Any CPU.ActiveCfg = Debug|Any CPU
		{0BA3E364-51D2-41AE-9AB4-8262CA2E38DC}.Debug|Any CPU.Build.0 = Debug|Any CPU
		{0BA3E364-51D2-41AE-9AB4-8262CA2E38DC}.Release|Any CPU.ActiveCfg = Release|Any CPU
		{0BA3E364-51D2-41AE-9AB4-8262CA2E38DC}.Release|Any CPU.Build.0 = Release|Any CPU
		{344CA9A9-5010-48C2-8507-C63D50DBF0FB}.Debug|Any CPU.ActiveCfg = Debug|Any CPU
		{344CA9A9-5010-48C2-8507-C63D50DBF0FB}.Debug|Any CPU.Build.0 = Debug|Any CPU
		{344CA9A9-5010-48C2-8507-C63D50DBF0FB}.Release|Any CPU.ActiveCfg = Release|Any CPU
		{344CA9A9-5010-48C2-8507-C63D50DBF0FB}.Release|Any CPU.Build.0 = Release|Any CPU
		{6DF602FC-88A5-4025-8F5D-8634B16E1A2A}.Debug|Any CPU.ActiveCfg = Debug|Any CPU
		{6DF602FC-88A5-4025-8F5D-8634B16E1A2A}.Debug|Any CPU.Build.0 = Debug|Any CPU
		{6DF602FC-88A5-4025-8F5D-8634B16E1A2A}.Release|Any CPU.ActiveCfg = Release|Any CPU
		{6DF602FC-88A5-4025-8F5D-8634B16E1A2A}.Release|Any CPU.Build.0 = Release|Any CPU
		{0A66AB57-AC62-450B-BB82-C2730B055806}.Debug|Any CPU.ActiveCfg = Debug|Any CPU
		{0A66AB57-AC62-450B-BB82-C2730B055806}.Debug|Any CPU.Build.0 = Debug|Any CPU
		{0A66AB57-AC62-450B-BB82-C2730B055806}.Release|Any CPU.ActiveCfg = Release|Any CPU
		{0A66AB57-AC62-450B-BB82-C2730B055806}.Release|Any CPU.Build.0 = Release|Any CPU
		{27131DF2-96D7-4D29-BCDA-2B4CACC6C541}.Debug|Any CPU.ActiveCfg = Debug|Any CPU
		{27131DF2-96D7-4D29-BCDA-2B4CACC6C541}.Debug|Any CPU.Build.0 = Debug|Any CPU
		{27131DF2-96D7-4D29-BCDA-2B4CACC6C541}.Release|Any CPU.ActiveCfg = Release|Any CPU
		{27131DF2-96D7-4D29-BCDA-2B4CACC6C541}.Release|Any CPU.Build.0 = Release|Any CPU
	EndGlobalSection
EndGlobal
